# This file is automatically @generated by Cargo.
# It is not intended for manual editing.
version = 4

[[package]]
name = "bach-consensus"
version = "0.1.0"

[[package]]
name = "bach-crypto"
version = "0.1.0"
dependencies = [
 "bach-primitives",
]

[[package]]
name = "bach-evm"
version = "0.1.0"

[[package]]
name = "bach-network"
version = "0.1.0"

[[package]]
name = "bach-node"
version = "0.1.0"

[[package]]
name = "bach-primitives"
version = "0.1.0"

[[package]]
name = "bach-scheduler"
version = "0.1.0"
dependencies = [
 "bach-crypto",
 "bach-primitives",
 "bach-state",
 "bach-types",
]

[[package]]
name = "bach-state"
version = "0.1.0"
dependencies = [
 "bach-primitives",
 "bach-types",
]

[[package]]
name = "bach-storage"
version = "0.1.0"

[[package]]
name = "bach-types"
version = "0.1.0"
dependencies = [
 "bach-crypto",
 "bach-primitives",
]
